
Microsoft Visual Studio Solution File, Format Version 12.00
# Visual Studio Version 17
VisualStudioVersion = 17.7.34031.279
MinimumVisualStudioVersion = 10.0.40219.1
Project("{FAE04EC0-301F-11D3-BF4B-00C04F79EFBC}") = "MyAnimeList", "MyAnimeList\MyAnimeList.csproj", "{74C33BA9-73E0-417B-BEF9-6D31E7C3BD7C}"
EndProject
Global
	GlobalSection(SolutionConfigurationPlatforms) = preSolution
		Debug|Any CPU = Debug|Any CPU
		Release|Any CPU = Release|Any CPU
	EndGlobalSection
	GlobalSection(ProjectConfigurationPlatforms) = postSolution
		{74C33BA9-73E0-417B-BEF9-6D31E7C3BD7C}.Debug|Any CPU.ActiveCfg = Debug|Any CPU
		{74C33BA9-73E0-417B-BEF9-6D31E7C3BD7C}.Debug|Any CPU.Build.0 = Debug|Any CPU
		{74C33BA9-73E0-417B-BEF9-6D31E7C3BD7C}.Release|Any CPU.ActiveCfg = Release|Any CPU
		{74C33BA9-73E0-417B-BEF9-6D31E7C3BD7C}.Release|Any CPU.Build.0 = Release|Any CPU
	EndGlobalSection
	GlobalSection(SolutionProperties) = preSolution
		HideSolutionNode = FALSE
	EndGlobalSection
	GlobalSection(ExtensibilityGlobals) = postSolution
		SolutionGuid = {AB6FF1A1-EA13-429D-BA31-38A24E541D72}
	EndGlobalSection
EndGlobal
